
Microsoft Visual Studio Solution File, Format Version 12.00
# Visual Studio Version 17
VisualStudioVersion = 17.4.33122.133
MinimumVisualStudioVersion = 10.0.40219.1
Project("{FAE04EC0-301F-11D3-BF4B-00C04F79EFBC}") = "AICurated", "AICurated\AICurated.csproj", "{FCC34C92-EF06-48A0-ADFE-8F8B5BD8CE6B}"
EndProject
Global
	GlobalSection(SolutionConfigurationPlatforms) = preSolution
		Debug|Any CPU = Debug|Any CPU
		Release|Any CPU = Release|Any CPU
	EndGlobalSection
	GlobalSection(ProjectConfigurationPlatforms) = postSolution
		{FCC34C92-EF06-48A0-ADFE-8F8B5BD8CE6B}.Debug|Any CPU.ActiveCfg = Debug|Any CPU
		{FCC34C92-EF06-48A0-ADFE-8F8B5BD8CE6B}.Debug|Any CPU.Build.0 = Debug|Any CPU
		{FCC34C92-EF06-48A0-ADFE-8F8B5BD8CE6B}.Release|Any CPU.ActiveCfg = Release|Any CPU
		{FCC34C92-EF06-48A0-ADFE-8F8B5BD8CE6B}.Release|Any CPU.Build.0 = Release|Any CPU
	EndGlobalSection
	GlobalSection(SolutionProperties) = preSolution
		HideSolutionNode = FALSE
	EndGlobalSection
	GlobalSection(ExtensibilityGlobals) = postSolution
		SolutionGuid = {908F4B6B-E097-4B69-8101-4413F2A3164F}
	EndGlobalSection
EndGlobal
